
Microsoft Visual Studio Solution File, Format Version 12.00
# Visual Studio Version 16
VisualStudioVersion = 16.0.32802.440
MinimumVisualStudioVersion = 10.0.40219.1
Project("{FAE04EC0-301F-11D3-BF4B-00C04F79EFBC}") = "baitap_linQ2", "baitap_linQ2\baitap_linQ2.csproj", "{4088EA67-E143-4F0C-BE47-9AB937D7D8E7}"
EndProject
Global
	GlobalSection(SolutionConfigurationPlatforms) = preSolution
		Debug|Any CPU = Debug|Any CPU
		Release|Any CPU = Release|Any CPU
	EndGlobalSection
	GlobalSection(ProjectConfigurationPlatforms) = postSolution
		{4088EA67-E143-4F0C-BE47-9AB937D7D8E7}.Debug|Any CPU.ActiveCfg = Debug|Any CPU
		{4088EA67-E143-4F0C-BE47-9AB937D7D8E7}.Debug|Any CPU.Build.0 = Debug|Any CPU
		{4088EA67-E143-4F0C-BE47-9AB937D7D8E7}.Release|Any CPU.ActiveCfg = Release|Any CPU
		{4088EA67-E143-4F0C-BE47-9AB937D7D8E7}.Release|Any CPU.Build.0 = Release|Any CPU
	EndGlobalSection
	GlobalSection(SolutionProperties) = preSolution
		HideSolutionNode = FALSE
	EndGlobalSection
	GlobalSection(ExtensibilityGlobals) = postSolution
		SolutionGuid = {3B5845DB-7403-4DF0-B33A-92B031E4C87A}
	EndGlobalSection
EndGlobal
